schema: '2.0'
stages:
  prepare_ladung:
    cmd: python src/prepare/prepare_ladung.py data/raw/final_raw_data.csv
    deps:
    - path: data/raw/final_raw_data.csv
      hash: md5
      md5: b23374870adbee48a99663f1221bc934
      size: 32209458
    - path: src/prepare/prepare_ladung.py
      hash: md5
      md5: 60d304a9803f1db7550da972db481c97
      size: 3482
    params:
      params.yaml:
        prepare.ladung:
          aftercourt_preprocessing:
            normalize_whitespace: true
            remove_short_lines: true
            short_line_threshold: 3
            remove_html_tags: true
            lowercase: true
          target_col: is_ladung
        prepare.seed: 42
        prepare.split: 0.2
    outs:
    - path: data/prepared/ladung/test.csv
      hash: md5
      md5: 6a87c057bf51116218ef3f8990c15254
      size: 10094647
    - path: data/prepared/ladung/train.csv
      hash: md5
      md5: fc45ad3eca8d16e7abf7277301de94e8
      size: 38628448
  tokenize_ladung:
    cmd: python src/tokenization/tokenization_ladung.py data/prepared/ladung 
      data/tokenized/ladung
    deps:
    - path: data/prepared/ladung/test.csv
      hash: md5
      md5: 6a87c057bf51116218ef3f8990c15254
      size: 10094647
    - path: data/prepared/ladung/train.csv
      hash: md5
      md5: fc45ad3eca8d16e7abf7277301de94e8
      size: 38628448
    - path: src/tokenization/tokenization_ladung.py
      hash: md5
      md5: 60747620f6cc8c054b3fe1ca4bf888ca
      size: 2734
    outs:
    - path: data/tokenized/ladung/test.csv
      hash: md5
      md5: 501a0fbb4c1554137bbfb78fe355090b
      size: 13655254
    - path: data/tokenized/ladung/train.csv
      hash: md5
      md5: 926803f9d39f2504497b0f6a988e51ea
      size: 52344500
  prepare:
    cmd: python src/prepare/prepare.py data/raw/final_raw_data.csv
    deps:
    - path: data/raw/final_raw_data.csv
      hash: md5
      md5: 28dcbe980dffcbb4348b6513f5496a85
      size: 32352459
    - path: src/prepare/prepare.py
      hash: md5
      md5: 07843d2d062eeab3ea98c007f995ae7a
      size: 3501
    params:
      params.yaml:
        prepare.ladung:
          aftercourt_preprocessing:
            normalize_whitespace: true
            remove_short_lines: true
            short_line_threshold: 3
            remove_html_tags: true
            lowercase: true
          target_col: is_ladung
        prepare.seed: 42
        prepare.split: 0.2
        prepare.target: ladung
    outs:
    - path: data/prepared/ladung/test.csv
      hash: md5
      md5: 655d8b8c1aad15dbf5b38fb0098c0249
      size: 10121856
    - path: data/prepared/ladung/train.csv
      hash: md5
      md5: 3d413440cb05d492c02f47e7ab30cd6d
      size: 38842100
  tokenize:
    cmd: python src/tokenization/tokenization_ladung.py data/prepared/ladung 
      data/tokenized/ladung
    deps:
    - path: data/prepared/ladung/test.csv
      hash: md5
      md5: 655d8b8c1aad15dbf5b38fb0098c0249
      size: 10121856
    - path: data/prepared/ladung/train.csv
      hash: md5
      md5: 3d413440cb05d492c02f47e7ab30cd6d
      size: 38842100
    - path: src/tokenization/tokenization_ladung.py
      hash: md5
      md5: 2a12773f59cbede344ec97ec1dd0d4c1
      size: 2738
    params:
      params.yaml:
        prepare.target: ladung
    outs:
    - path: data/tokenized/ladung/test.csv
      hash: md5
      md5: 501a0fbb4c1554137bbfb78fe355090b
      size: 13655254
    - path: data/tokenized/ladung/train.csv
      hash: md5
      md5: 926803f9d39f2504497b0f6a988e51ea
      size: 52344500
  fit_vectorizer:
    cmd: python src/featurazition/fit_vectorizer.py 
      data/prepared/ladung/train.csv models/vectorizers/vectorizer.dill
    deps:
    - path: data/prepared/ladung/train.csv
      hash: md5
      md5: 635ca1a16e749aa0164be32642faef4b
      size: 40900049
    - path: src/featurazition/fit_vectorizer.py
      hash: md5
      md5: 78c96771d508cc15e21f7a0a4dda6027
      size: 2232
    params:
      params.yaml:
        fit_vectorizer.seed: 1
        fit_vectorizer.vectorizer:
          max_features: 200
          ngram_range_min: 1
          ngram_range_max: 1
          norm: l2
          min_df: 2
          max_df: 0.95
          lowercase: false
    outs:
    - path: models/vectorizers/vectorizer.dill
      hash: md5
      md5: 63e94d13316314855c22a31ec72adbf0
      size: 74641444
  featurize:
    cmd: python src/featurazition/featurazition.py data/prepared/ladung 
      models/vectorizers/vectorizer.dill data/featurized/ladung
    deps:
    - path: data/prepared/ladung/test.csv
      hash: md5
      md5: 655d8b8c1aad15dbf5b38fb0098c0249
      size: 10121856
    - path: data/prepared/ladung/train.csv
      hash: md5
      md5: 3d413440cb05d492c02f47e7ab30cd6d
      size: 38842100
    - path: models/vectorizers/vectorizer.dill
      hash: md5
      md5: 08015ef2a0aab3ce67c7e017c0fdb591
      size: 74602319
    - path: src/featurazition/featurazition.py
      hash: md5
      md5: c0e4db8efca1d7a3440e8cf218f61b76
      size: 2656
    params:
      params.yaml:
        prepare.ladung.target_col: is_ladung
        prepare.target: ladung
    outs:
    - path: data/featurized/ladung/test_features.npz
      hash: md5
      md5: ba3ebe626bcd450cef69fa609f48c9fa
      size: 504845
    - path: data/featurized/ladung/test_labels.npy
      hash: md5
      md5: 35e7db6d0addd485e59637c64ed0197d
      size: 1205
    - path: data/featurized/ladung/train_features.npz
      hash: md5
      md5: cc043316c46e0edbcafe2ce402b5b503
      size: 1970201
    - path: data/featurized/ladung/train_labels.npy
      hash: md5
      md5: d969ec1dec87f2ab9f624a7b24e6c1bd
      size: 4434
  train:
    cmd: python src/training/train.py data/featurized/ladung 
      models/classification/ladung_rf_classifier.dill
    deps:
    - path: data/featurized/ladung/train_features.npz
      hash: md5
      md5: cc043316c46e0edbcafe2ce402b5b503
      size: 1970201
    - path: data/featurized/ladung/train_labels.npy
      hash: md5
      md5: d969ec1dec87f2ab9f624a7b24e6c1bd
      size: 4434
    - path: src/training/train.py
      hash: md5
      md5: db0f49c35c7efb93d2c4f9fdf15b04a2
      size: 3504
    params:
      params.yaml:
        prepare.target: ladung
        train.classifier:
          n_estimators: 100
          random_state: 42
        train.seed: 42
    outs:
    - path: models/classification/ladung_rf_classifier.dill
      hash: md5
      md5: 6b1f99c425d830e3e31b305ce2f94171
      size: 560592
  evaluate:
    cmd: python src/eval/eval.py models/classification/ladung_rf_classifier.dill
      data/featurized/ladung data/evaluation/ladung
    deps:
    - path: data/featurized/ladung/test_features.npz
      hash: md5
      md5: ba3ebe626bcd450cef69fa609f48c9fa
      size: 504845
    - path: data/featurized/ladung/test_labels.npy
      hash: md5
      md5: 35e7db6d0addd485e59637c64ed0197d
      size: 1205
    - path: models/classification/ladung_rf_classifier.dill
      hash: md5
      md5: 6b1f99c425d830e3e31b305ce2f94171
      size: 560592
    - path: src/eval/eval.py
      hash: md5
      md5: 9d4ef66e29182ff4d0d7a1af6dbb9e22
      size: 6418
    params:
      params.yaml:
        evaluate.threshold: 0.5
        prepare.target: ladung
    outs:
    - path: data/evaluation/ladung/metrics.json
      hash: md5
      md5: e5f246efaaab13117500e9215f1c07b1
      size: 274
    - path: data/evaluation/ladung/predictions.json
      hash: md5
      md5: 35a7c7d4b67ac2f99ebb4ad751421ce2
      size: 52972
  prepare@pfub:
    cmd: python src/prepare/prepare.py data/raw/final_raw_data.csv pfub
    deps:
    - path: data/raw/final_raw_data.csv
      hash: md5
      md5: a002ceb54ae729296d280bb5ea99e613
      size: 33934201
    - path: src/prepare/prepare.py
      hash: md5
      md5: 2780505a6fc94252de245f87a3c29304
      size: 3564
    params:
      params.yaml:
        prepare.pfub:
          aftercourt_preprocessing:
            normalize_whitespace: true
            remove_short_lines: true
            short_line_threshold: 3
            remove_html_tags: true
            lowercase: true
          target_col: is_pfub
        prepare.seed: 42
        prepare.split: 0.2
    outs:
    - path: data/prepared/pfub/test.csv
      hash: md5
      md5: eaea85d557960ffa39b511518ff3e3dd
      size: 10393994
    - path: data/prepared/pfub/train.csv
      hash: md5
      md5: 535ba9cad318131303936e40bf6b6021
      size: 40935359
  prepare@ladung:
    cmd: python src/prepare/prepare.py data/raw/final_raw_data.csv ladung
    deps:
    - path: data/raw/final_raw_data.csv
      hash: md5
      md5: a002ceb54ae729296d280bb5ea99e613
      size: 33934201
    - path: src/prepare/prepare.py
      hash: md5
      md5: 2780505a6fc94252de245f87a3c29304
      size: 3564
    params:
      params.yaml:
        prepare.ladung:
          aftercourt_preprocessing:
            normalize_whitespace: true
            remove_short_lines: true
            short_line_threshold: 3
            remove_html_tags: true
            lowercase: true
          target_col: is_ladung
        prepare.seed: 42
        prepare.split: 0.2
    outs:
    - path: data/prepared/ladung/test.csv
      hash: md5
      md5: 96cec525b18c743d0a892086a02da8b0
      size: 10429304
    - path: data/prepared/ladung/train.csv
      hash: md5
      md5: 635ca1a16e749aa0164be32642faef4b
      size: 40900049
  featurize@pfub:
    cmd: python src/featurazition/featurazition.py data/prepared/pfub 
      models/vectorizers/vectorizer.dill data/featurized/pfub pfub
    deps:
    - path: data/prepared/pfub/test.csv
      hash: md5
      md5: eaea85d557960ffa39b511518ff3e3dd
      size: 10393994
    - path: data/prepared/pfub/train.csv
      hash: md5
      md5: 535ba9cad318131303936e40bf6b6021
      size: 40935359
    - path: models/vectorizers/vectorizer.dill
      hash: md5
      md5: 63e94d13316314855c22a31ec72adbf0
      size: 74641444
    - path: src/featurazition/featurazition.py
      hash: md5
      md5: eb3cb54ac8b26d83d75591909d2081c0
      size: 2722
    params:
      params.yaml:
        prepare.pfub.target_col: is_pfub
    outs:
    - path: data/featurized/pfub/test_features.npz
      hash: md5
      md5: 4e9ba43e5bcb5b833ad324db5f3a0a4f
      size: 517017
    - path: data/featurized/pfub/test_labels.npy
      hash: md5
      md5: fbc276436704f0700c01b1066ae3d601
      size: 1235
    - path: data/featurized/pfub/train_features.npz
      hash: md5
      md5: 54da198e1635ed8b06ba0888a07f4be7
      size: 2033167
    - path: data/featurized/pfub/train_labels.npy
      hash: md5
      md5: 5c7bef4017d6b199267de4e065720fd9
      size: 4553
  featurize@ladung:
    cmd: python src/featurazition/featurazition.py data/prepared/ladung 
      models/vectorizers/vectorizer.dill data/featurized/ladung ladung
    deps:
    - path: data/prepared/ladung/test.csv
      hash: md5
      md5: 96cec525b18c743d0a892086a02da8b0
      size: 10429304
    - path: data/prepared/ladung/train.csv
      hash: md5
      md5: 635ca1a16e749aa0164be32642faef4b
      size: 40900049
    - path: models/vectorizers/vectorizer.dill
      hash: md5
      md5: 63e94d13316314855c22a31ec72adbf0
      size: 74641444
    - path: src/featurazition/featurazition.py
      hash: md5
      md5: eb3cb54ac8b26d83d75591909d2081c0
      size: 2722
    params:
      params.yaml:
        prepare.ladung.target_col: is_ladung
    outs:
    - path: data/featurized/ladung/test_features.npz
      hash: md5
      md5: 9605bd184e8ba690a025fc9377d7af66
      size: 511104
    - path: data/featurized/ladung/test_labels.npy
      hash: md5
      md5: e4bacacdaeeec161b28af2ca60a3b890
      size: 1235
    - path: data/featurized/ladung/train_features.npz
      hash: md5
      md5: 0fa108ffe5a839f6287647fce8a1704e
      size: 2029786
    - path: data/featurized/ladung/train_labels.npy
      hash: md5
      md5: 12653e95e0f659b18207a313d4a09364
      size: 4553
  train@ladung:
    cmd: python src/training/train.py data/featurized/ladung 
      models/classification/ladung_rf_classifier.dill ladung
    deps:
    - path: data/featurized/ladung/train_features.npz
      hash: md5
      md5: 0fa108ffe5a839f6287647fce8a1704e
      size: 2029786
    - path: data/featurized/ladung/train_labels.npy
      hash: md5
      md5: 12653e95e0f659b18207a313d4a09364
      size: 4553
    - path: src/training/train.py
      hash: md5
      md5: 7b317ba2f2b523dcfb6576acb6dee4d9
      size: 3554
    params:
      params.yaml:
        train.ladung.classifier:
          n_estimators: 100
          random_state: 42
        train.seed: 42
    outs:
    - path: models/classification/ladung_rf_classifier.dill
      hash: md5
      md5: 70914768d7fa3f5b9cf45f936a763b94
      size: 607321
  evaluate@ladung:
    cmd: python src/eval/eval.py models/classification/ladung_rf_classifier.dill
      data/featurized/ladung data/evaluation/ladung ladung
    deps:
    - path: data/featurized/ladung/test_features.npz
      hash: md5
      md5: 9605bd184e8ba690a025fc9377d7af66
      size: 511104
    - path: data/featurized/ladung/test_labels.npy
      hash: md5
      md5: e4bacacdaeeec161b28af2ca60a3b890
      size: 1235
    - path: models/classification/ladung_rf_classifier.dill
      hash: md5
      md5: 70914768d7fa3f5b9cf45f936a763b94
      size: 607321
    - path: src/eval/eval.py
      hash: md5
      md5: ba5984e5462cc3480546a441cad89dfe
      size: 8453
    params:
      params.yaml:
        evaluate.ladung.threshold: 0.95
    outs:
    - path: data/evaluation/ladung/metrics.json
      hash: md5
      md5: 1deedd82e3a343acb866df798f79b472
      size: 259
    - path: data/evaluation/ladung/predictions.json
      hash: md5
      md5: 81f156fadaeda5adf4e9ae2d15bf75ff
      size: 54448
  train@pfub:
    cmd: python src/training/train.py data/featurized/pfub 
      models/classification/pfub_rf_classifier.dill pfub
    deps:
    - path: data/featurized/pfub/train_features.npz
      hash: md5
      md5: 54da198e1635ed8b06ba0888a07f4be7
      size: 2033167
    - path: data/featurized/pfub/train_labels.npy
      hash: md5
      md5: 5c7bef4017d6b199267de4e065720fd9
      size: 4553
    - path: src/training/train.py
      hash: md5
      md5: 7b317ba2f2b523dcfb6576acb6dee4d9
      size: 3554
    params:
      params.yaml:
        train.pfub.classifier:
          n_estimators: 100
          random_state: 42
        train.seed: 42
    outs:
    - path: models/classification/pfub_rf_classifier.dill
      hash: md5
      md5: 1072302655269a75fb4fd1b578ce22e2
      size: 424414
  evaluate@pfub:
    cmd: python src/eval/eval.py models/classification/pfub_rf_classifier.dill 
      data/featurized/pfub data/evaluation/pfub pfub
    deps:
    - path: data/featurized/pfub/test_features.npz
      hash: md5
      md5: 4e9ba43e5bcb5b833ad324db5f3a0a4f
      size: 517017
    - path: data/featurized/pfub/test_labels.npy
      hash: md5
      md5: fbc276436704f0700c01b1066ae3d601
      size: 1235
    - path: models/classification/pfub_rf_classifier.dill
      hash: md5
      md5: 1072302655269a75fb4fd1b578ce22e2
      size: 424414
    - path: src/eval/eval.py
      hash: md5
      md5: ba5984e5462cc3480546a441cad89dfe
      size: 8453
    params:
      params.yaml:
        evaluate.pfub.threshold: 0.5
    outs:
    - path: data/evaluation/pfub/metrics.json
      hash: md5
      md5: e147af517fc3e817e528a0e01871f4ff
      size: 258
    - path: data/evaluation/pfub/predictions.json
      hash: md5
      md5: 9ff5144a0bab15956783790fc43ebd3b
      size: 54389
  prepare@vermogensverzeichnis:
    cmd: python src/prepare/prepare.py data/raw/final_raw_data.csv 
      vermogensverzeichnis
    deps:
    - path: data/raw/final_raw_data.csv
      hash: md5
      md5: a4d5dbd31b3f87b7a4453e2fc1757cca
      size: 35643737
    - path: src/prepare/prepare.py
      hash: md5
      md5: 2780505a6fc94252de245f87a3c29304
      size: 3564
    params:
      params.yaml:
        prepare.seed: 42
        prepare.split: 0.2
        prepare.vermogensverzeichnis:
          aftercourt_preprocessing:
            normalize_whitespace: true
            remove_short_lines: true
            short_line_threshold: 3
            remove_html_tags: true
            lowercase: true
          target_col: is_va
    outs:
    - path: data/prepared/vermogensverzeichnis/test.csv
      hash: md5
      md5: b84721a038d8ff67a837fbde6e472fa4
      size: 10340653
    - path: data/prepared/vermogensverzeichnis/train.csv
      hash: md5
      md5: dc06b45c9c887a1189ad5dc73b8c8608
      size: 42617910
  fit_vectorizer@vermogensverzeichnis:
    cmd: python src/featurazition/fit_vectorizer.py 
      data/prepared/vermogensverzeichnis/train.csv 
      models/vectorizers/vermogensverzeichnis_vectorizer.dill 
      vermogensverzeichnis
    deps:
    - path: data/prepared/vermogensverzeichnis/train.csv
      hash: md5
      md5: dc06b45c9c887a1189ad5dc73b8c8608
      size: 42617910
    - path: src/featurazition/fit_vectorizer.py
      hash: md5
      md5: c10353bf78e20e154718c32e0dbd3b48
      size: 2280
    params:
      params.yaml:
        fit_vectorizer.seed: 1
        fit_vectorizer.vermogensverzeichnis.vectorizer:
          max_features: 200
          ngram_range_min: 1
          ngram_range_max: 1
          norm: l2
          min_df: 2
          max_df: 0.95
          lowercase: false
    outs:
    - path: models/vectorizers/vermogensverzeichnis_vectorizer.dill
      hash: md5
      md5: da303d83bf80243700af479344b3f525
      size: 74664292
  featurize@vermogensverzeichnis:
    cmd: python src/featurazition/featurazition.py 
      data/prepared/vermogensverzeichnis 
      models/vectorizers/vermogensverzeichnis_vectorizer.dill 
      data/featurized/vermogensverzeichnis vermogensverzeichnis
    deps:
    - path: data/prepared/vermogensverzeichnis/test.csv
      hash: md5
      md5: b84721a038d8ff67a837fbde6e472fa4
      size: 10340653
    - path: data/prepared/vermogensverzeichnis/train.csv
      hash: md5
      md5: dc06b45c9c887a1189ad5dc73b8c8608
      size: 42617910
    - path: models/vectorizers/vermogensverzeichnis_vectorizer.dill
      hash: md5
      md5: da303d83bf80243700af479344b3f525
      size: 74664292
    - path: src/featurazition/featurazition.py
      hash: md5
      md5: eb3cb54ac8b26d83d75591909d2081c0
      size: 2722
    params:
      params.yaml:
        prepare.vermogensverzeichnis.target_col: is_va
    outs:
    - path: data/featurized/vermogensverzeichnis/test_features.npz
      hash: md5
      md5: 4a31b308014d94bbd73d667dba438874
      size: 511980
    - path: data/featurized/vermogensverzeichnis/test_labels.npy
      hash: md5
      md5: db70de457358b06772886adea6b49d78
      size: 1246
    - path: data/featurized/vermogensverzeichnis/train_features.npz
      hash: md5
      md5: 9f622c3e04f4f24ff8f1fb7361748dac
      size: 2060670
    - path: data/featurized/vermogensverzeichnis/train_labels.npy
      hash: md5
      md5: bcfc6ede728e2d58a7bdb30bc0b4b9ab
      size: 4596
  train@vermogensverzeichnis:
    cmd: python src/training/train.py data/featurized/vermogensverzeichnis 
      models/classification/vermogensverzeichnis_rf_classifier.dill 
      vermogensverzeichnis
    deps:
    - path: data/featurized/vermogensverzeichnis/train_features.npz
      hash: md5
      md5: 9f622c3e04f4f24ff8f1fb7361748dac
      size: 2060670
    - path: data/featurized/vermogensverzeichnis/train_labels.npy
      hash: md5
      md5: bcfc6ede728e2d58a7bdb30bc0b4b9ab
      size: 4596
    - path: src/training/train.py
      hash: md5
      md5: 5f19867b9a10764a945c325df0b5181d
      size: 3507
    params:
      params.yaml:
        train.seed: 42
        train.vermogensverzeichnis.classifier:
          n_estimators: 100
          random_state: 42
          class_weight: balanced
    outs:
    - path: models/classification/vermogensverzeichnis_rf_classifier.dill
      hash: md5
      md5: 2d45c7edcd86e01bc1cea2c91bca114b
      size: 125552
  evaluate@vermogensverzeichnis:
    cmd: python src/eval/eval.py 
      models/classification/vermogensverzeichnis_rf_classifier.dill 
      data/featurized/vermogensverzeichnis data/evaluation/vermogensverzeichnis 
      vermogensverzeichnis
    deps:
    - path: data/featurized/vermogensverzeichnis/test_features.npz
      hash: md5
      md5: 4a31b308014d94bbd73d667dba438874
      size: 511980
    - path: data/featurized/vermogensverzeichnis/test_labels.npy
      hash: md5
      md5: db70de457358b06772886adea6b49d78
      size: 1246
    - path: models/classification/vermogensverzeichnis_rf_classifier.dill
      hash: md5
      md5: 2d45c7edcd86e01bc1cea2c91bca114b
      size: 125552
    - path: src/eval/eval.py
      hash: md5
      md5: c430259dbab8bd4b99b4bd646b11ed60
      size: 9311
    params:
      params.yaml:
        evaluate.vermogensverzeichnis.threshold: 0.5
    outs:
    - path: data/evaluation/vermogensverzeichnis/metrics.json
      hash: md5
      md5: 3a2c6d46494ed5e6a04663446d96ec9d
      size: 734
    - path: data/evaluation/vermogensverzeichnis/predictions.json
      hash: md5
      md5: 34c3e7d9ffb9c9b0643382133f511a38
      size: 54813
